// !$*UTF8*$!
{
	archiveVersion = 1;
	classes = {
	};
	objectVersion = 56;
	objects = {

/* Begin PBXBuildFile section */
		D59440B32A308955000DAE0A /* AppDelegate.swift in Sources */ = {isa = PBXBuildFile; fileRef = D59440B22A308955000DAE0A /* AppDelegate.swift */; };
		D59440B52A308955000DAE0A /* SceneDelegate.swift in Sources */ = {isa = PBXBuildFile; fileRef = D59440B42A308955000DAE0A /* SceneDelegate.swift */; };
		D59440B72A308955000DAE0A /* ViewController.swift in Sources */ = {isa = PBXBuildFile; fileRef = D59440B62A308955000DAE0A /* ViewController.swift */; };
		D59440BA2A308955000DAE0A /* Main.storyboard in Resources */ = {isa = PBXBuildFile; fileRef = D59440B82A308955000DAE0A /* Main.storyboard */; };
		D59440BC2A308958000DAE0A /* Assets.xcassets in Resources */ = {isa = PBXBuildFile; fileRef = D59440BB2A308958000DAE0A /* Assets.xcassets */; };
		D59440BF2A308958000DAE0A /* LaunchScreen.storyboard in Resources */ = {isa = PBXBuildFile; fileRef = D59440BD2A308958000DAE0A /* LaunchScreen.storyboard */; };
		D59440C72A3089FA000DAE0A /* Server.swift in Sources */ = {isa = PBXBuildFile; fileRef = D59440C62A3089FA000DAE0A /* Server.swift */; };
		D59440C92A308DC6000DAE0A /* TableViewController.swift in Sources */ = {isa = PBXBuildFile; fileRef = D59440C82A308DC6000DAE0A /* TableViewController.swift */; };
		D59440CB2A309E95000DAE0A /* DealCell.swift in Sources */ = {isa = PBXBuildFile; fileRef = D59440CA2A309E95000DAE0A /* DealCell.swift */; };
		D59440CD2A309F02000DAE0A /* HeaderCell.swift in Sources */ = {isa = PBXBuildFile; fileRef = D59440CC2A309F02000DAE0A /* HeaderCell.swift */; };
		D59440CF2A30B02B000DAE0A /* Reusable.swift in Sources */ = {isa = PBXBuildFile; fileRef = D59440CE2A30B02B000DAE0A /* Reusable.swift */; };
/* End PBXBuildFile section */

/* Begin PBXFileReference section */
		D59440AF2A308955000DAE0A /* MobileiOSDevTestWork.app */ = {isa = PBXFileReference; explicitFileType = wrapper.application; includeInIndex = 0; path = MobileiOSDevTestWork.app; sourceTree = BUILT_PRODUCTS_DIR; };
		D59440B22A308955000DAE0A /* AppDelegate.swift */ = {isa = PBXFileReference; lastKnownFileType = sourcecode.swift; path = AppDelegate.swift; sourceTree = "<group>"; };
		D59440B42A308955000DAE0A /* SceneDelegate.swift */ = {isa = PBXFileReference; lastKnownFileType = sourcecode.swift; path = SceneDelegate.swift; sourceTree = "<group>"; };
		D59440B62A308955000DAE0A /* ViewController.swift */ = {isa = PBXFileReference; lastKnownFileType = sourcecode.swift; path = ViewController.swift; sourceTree = "<group>"; };
		D59440B92A308955000DAE0A /* Base */ = {isa = PBXFileReference; lastKnownFileType = file.storyboard; name = Base; path = Base.lproj/Main.storyboard; sourceTree = "<group>"; };
		D59440BB2A308958000DAE0A /* Assets.xcassets */ = {isa = PBXFileReference; lastKnownFileType = folder.assetcatalog; path = Assets.xcassets; sourceTree = "<group>"; };
		D59440BE2A308958000DAE0A /* Base */ = {isa = PBXFileReference; lastKnownFileType = file.storyboard; name = Base; path = Base.lproj/LaunchScreen.storyboard; sourceTree = "<group>"; };
		D59440C02A308958000DAE0A /* Info.plist */ = {isa = PBXFileReference; lastKnownFileType = text.plist.xml; path = Info.plist; sourceTree = "<group>"; };
		D59440C62A3089FA000DAE0A /* Server.swift */ = {isa = PBXFileReference; lastKnownFileType = sourcecode.swift; path = Server.swift; sourceTree = "<group>"; };
		D59440C82A308DC6000DAE0A /* TableViewController.swift */ = {isa = PBXFileReference; lastKnownFileType = sourcecode.swift; path = TableViewController.swift; sourceTree = "<group>"; };
		D59440CA2A309E95000DAE0A /* DealCell.swift */ = {isa = PBXFileReference; lastKnownFileType = sourcecode.swift; path = DealCell.swift; sourceTree = "<group>"; };
		D59440CC2A309F02000DAE0A /* HeaderCell.swift */ = {isa = PBXFileReference; lastKnownFileType = sourcecode.swift; path = HeaderCell.swift; sourceTree = "<group>"; };
		D59440CE2A30B02B000DAE0A /* Reusable.swift */ = {isa = PBXFileReference; lastKnownFileType = sourcecode.swift; path = Reusable.swift; sourceTree = "<group>"; };
/* End PBXFileReference section */

/* Begin PBXFrameworksBuildPhase section */
		D59440AC2A308955000DAE0A /* Frameworks */ = {
			isa = PBXFrameworksBuildPhase;
			buildActionMask = 2147483647;
			files = (
			);
			runOnlyForDeploymentPostprocessing = 0;
		};
/* End PBXFrameworksBuildPhase section */

/* Begin PBXGroup section */
		D59440A62A308955000DAE0A = {
			isa = PBXGroup;
			children = (
				D59440B12A308955000DAE0A /* MobileiOSDevTestWork */,
				D59440B02A308955000DAE0A /* Products */,
			);
			sourceTree = "<group>";
		};
		D59440B02A308955000DAE0A /* Products */ = {
			isa = PBXGroup;
			children = (
				D59440AF2A308955000DAE0A /* MobileiOSDevTestWork.app */,
			);
			name = Products;
			sourceTree = "<group>";
		};
		D59440B12A308955000DAE0A /* MobileiOSDevTestWork */ = {
			isa = PBXGroup;
			children = (
				D59440CE2A30B02B000DAE0A /* Reusable.swift */,
				D59440B22A308955000DAE0A /* AppDelegate.swift */,
				D59440B42A308955000DAE0A /* SceneDelegate.swift */,
				D59440B62A308955000DAE0A /* ViewController.swift */,
				D59440C82A308DC6000DAE0A /* TableViewController.swift */,
				D59440C62A3089FA000DAE0A /* Server.swift */,
				D59440CA2A309E95000DAE0A /* DealCell.swift */,
				D59440CC2A309F02000DAE0A /* HeaderCell.swift */,
				D59440BB2A308958000DAE0A /* Assets.xcassets */,
				D59440C02A308958000DAE0A /* Info.plist */,
				D59440BD2A308958000DAE0A /* LaunchScreen.storyboard */,
				D59440B82A308955000DAE0A /* Main.storyboard */,
			);
			path = MobileiOSDevTestWork;
			sourceTree = "<group>";
		};
/* End PBXGroup section */

/* Begin PBXNativeTarget section */
		D59440AE2A308955000DAE0A /* MobileiOSDevTestWork */ = {
			isa = PBXNativeTarget;
			buildConfigurationList = D59440C32A308958000DAE0A /* Build configuration list for PBXNativeTarget "MobileiOSDevTestWork" */;
			buildPhases = (
				D59440AB2A308955000DAE0A /* Sources */,
				D59440AC2A308955000DAE0A /* Frameworks */,
				D59440AD2A308955000DAE0A /* Resources */,
			);
			buildRules = (
			);
			dependencies = (
			);
			name = MobileiOSDevTestWork;
			productName = MobileiOSDevTestWork;
			productReference = D59440AF2A308955000DAE0A /* MobileiOSDevTestWork.app */;
			productType = "com.apple.product-type.application";
		};
/* End PBXNativeTarget section */

/* Begin PBXProject section */
		D59440A72A308955000DAE0A /* Project object */ = {
			isa = PBXProject;
			attributes = {
				BuildIndependentTargetsInParallel = 1;
				LastSwiftUpdateCheck = 1410;
				LastUpgradeCheck = 1410;
				TargetAttributes = {
					D59440AE2A308955000DAE0A = {
						CreatedOnToolsVersion = 14.1;
					};
				};
			};
			buildConfigurationList = D59440AA2A308955000DAE0A /* Build configuration list for PBXProject "MobileiOSDevTestWork" */;
			compatibilityVersion = "Xcode 14.0";
			developmentRegion = en;
			hasScannedForEncodings = 0;
			knownRegions = (
				en,
				Base,
			);
			mainGroup = D59440A62A308955000DAE0A;
			productRefGroup = D59440B02A308955000DAE0A /* Products */;
			projectDirPath = "";
			projectRoot = "";
			targets = (
				D59440AE2A308955000DAE0A /* MobileiOSDevTestWork */,
			);
		};
/* End PBXProject section */

/* Begin PBXResourcesBuildPhase section */
		D59440AD2A308955000DAE0A /* Resources */ = {
			isa = PBXResourcesBuildPhase;
			buildActionMask = 2147483647;
			files = (
				D59440BF2A308958000DAE0A /* LaunchScreen.storyboard in Resources */,
				D59440BC2A308958000DAE0A /* Assets.xcassets in Resources */,
				D59440BA2A308955000DAE0A /* Main.storyboard in Resources */,
			);
			runOnlyForDeploymentPostprocessing = 0;
		};
/* End PBXResourcesBuildPhase section */

/* Begin PBXSourcesBuildPhase section */
		D59440AB2A308955000DAE0A /* Sources */ = {
			isa = PBXSourcesBuildPhase;
			buildActionMask = 2147483647;
			files = (
				D59440B72A308955000DAE0A /* ViewController.swift in Sources */,
				D59440B32A308955000DAE0A /* AppDelegate.swift in Sources */,
				D59440C72A3089FA000DAE0A /* Server.swift in Sources */,
				D59440B52A308955000DAE0A /* SceneDelegate.swift in Sources */,
				D59440CF2A30B02B000DAE0A /* Reusable.swift in Sources */,
				D59440C92A308DC6000DAE0A /* TableViewController.swift in Sources */,
				D59440CB2A309E95000DAE0A /* DealCell.swift in Sources */,
				D59440CD2A309F02000DAE0A /* HeaderCell.swift in Sources */,
			);
			runOnlyForDeploymentPostprocessing = 0;
		};
/* End PBXSourcesBuildPhase section */

/* Begin PBXVariantGroup section */
		D59440B82A308955000DAE0A /* Main.storyboard */ = {
			isa = PBXVariantGroup;
			children = (
				D59440B92A308955000DAE0A /* Base */,
			);
			name = Main.storyboard;
			sourceTree = "<group>";
		};
		D59440BD2A308958000DAE0A /* LaunchScreen.storyboard */ = {
			isa = PBXVariantGroup;
			children = (
				D59440BE2A308958000DAE0A /* Base */,
			);
			name = LaunchScreen.storyboard;
			sourceTree = "<group>";
		};
/* End PBXVariantGroup section */

/* Begin XCBuildConfiguration section */
		D59440C12A308958000DAE0A /* Debug */ = {
			isa = XCBuildConfiguration;
			buildSettings = {
				ALWAYS_SEARCH_USER_PATHS = NO;
				CLANG_ANALYZER_NONNULL = YES;
				CLANG_ANALYZER_NUMBER_OBJECT_CONVERSION = YES_AGGRESSIVE;
				CLANG_CXX_LANGUAGE_STANDARD = "gnu++20";
				CLANG_ENABLE_MODULES = YES;
				CLANG_ENABLE_OBJC_ARC = YES;
				CLANG_ENABLE_OBJC_WEAK = YES;
				CLANG_WARN_BLOCK_CAPTURE_AUTORELEASING = YES;
				CLANG_WARN_BOOL_CONVERSION = YES;
				CLANG_WARN_COMMA = YES;
				CLANG_WARN_CONSTANT_CONVERSION = YES;
				CLANG_WARN_DEPRECATED_OBJC_IMPLEMENTATIONS = YES;
				CLANG_WARN_DIRECT_OBJC_ISA_USAGE = YES_ERROR;
				CLANG_WARN_DOCUMENTATION_COMMENTS = YES;
				CLANG_WARN_EMPTY_BODY = YES;
				CLANG_WARN_ENUM_CONVERSION = YES;
				CLANG_WARN_INFINITE_RECURSION = YES;
				CLANG_WARN_INT_CONVERSION = YES;
				CLANG_WARN_NON_LITERAL_NULL_CONVERSION = YES;
				CLANG_WARN_OBJC_IMPLICIT_RETAIN_SELF = YES;
				CLANG_WARN_OBJC_LITERAL_CONVERSION = YES;
				CLANG_WARN_OBJC_ROOT_CLASS = YES_ERROR;
				CLANG_WARN_QUOTED_INCLUDE_IN_FRAMEWORK_HEADER = YES;
				CLANG_WARN_RANGE_LOOP_ANALYSIS = YES;
				CLANG_WARN_STRICT_PROTOTYPES = YES;
				CLANG_WARN_SUSPICIOUS_MOVE = YES;
				CLANG_WARN_UNGUARDED_AVAILABILITY = YES_AGGRESSIVE;
				CLANG_WARN_UNREACHABLE_CODE = YES;
				CLANG_WARN__DUPLICATE_METHOD_MATCH = YES;
				COPY_PHASE_STRIP = NO;
				DEBUG_INFORMATION_FORMAT = dwarf;
				ENABLE_STRICT_OBJC_MSGSEND = YES;
				ENABLE_TESTABILITY = YES;
				GCC_C_LANGUAGE_STANDARD = gnu11;
				GCC_DYNAMIC_NO_PIC = NO;
				GCC_NO_COMMON_BLOCKS = YES;
				GCC_OPTIMIZATION_LEVEL = 0;
				GCC_PREPROCESSOR_DEFINITIONS = (
					"DEBUG=1",
					"$(inherited)",
				);
				GCC_WARN_64_TO_32_BIT_CONVERSION = YES;
				GCC_WARN_ABOUT_RETURN_TYPE = YES_ERROR;
				GCC_WARN_UNDECLARED_SELECTOR = YES;
				GCC_WARN_UNINITIALIZED_AUTOS = YES_AGGRESSIVE;
				GCC_WARN_UNUSED_FUNCTION = YES;
				GCC_WARN_UNUSED_VARIABLE = YES;
				IPHONEOS_DEPLOYMENT_TARGET = 16.1;
				MTL_ENABLE_DEBUG_INFO = INCLUDE_SOURCE;
				MTL_FAST_MATH = YES;
				ONLY_ACTIVE_ARCH = YES;
				SDKROOT = iphoneos;
				SWIFT_ACTIVE_COMPILATION_CONDITIONS = DEBUG;
				SWIFT_OPTIMIZATION_LEVEL = "-Onone";
			};
			name = Debug;
		};
		D59440C22A308958000DAE0A /* Release */ = {
			isa = XCBuildConfiguration;
			buildSettings = {
				ALWAYS_SEARCH_USER_PATHS = NO;
				CLANG_ANALYZER_NONNULL = YES;
				CLANG_ANALYZER_NUMBER_OBJECT_CONVERSION = YES_AGGRESSIVE;
				CLANG_CXX_LANGUAGE_STANDARD = "gnu++20";
				CLANG_ENABLE_MODULES = YES;
				CLANG_ENABLE_OBJC_ARC = YES;
				CLANG_ENABLE_OBJC_WEAK = YES;
				CLANG_WARN_BLOCK_CAPTURE_AUTORELEASING = YES;
				CLANG_WARN_BOOL_CONVERSION = YES;
				CLANG_WARN_COMMA = YES;
				CLANG_WARN_CONSTANT_CONVERSION = YES;
				CLANG_WARN_DEPRECATED_OBJC_IMPLEMENTATIONS = YES;
				CLANG_WARN_DIRECT_OBJC_ISA_USAGE = YES_ERROR;
				CLANG_WARN_DOCUMENTATION_COMMENTS = YES;
				CLANG_WARN_EMPTY_BODY = YES;
				CLANG_WARN_ENUM_CONVERSION = YES;
				CLANG_WARN_INFINITE_RECURSION = YES;
				CLANG_WARN_INT_CONVERSION = YES;
				CLANG_WARN_NON_LITERAL_NULL_CONVERSION = YES;
				CLANG_WARN_OBJC_IMPLICIT_RETAIN_SELF = YES;
				CLANG_WARN_OBJC_LITERAL_CONVERSION = YES;
				CLANG_WARN_OBJC_ROOT_CLASS = YES_ERROR;
				CLANG_WARN_QUOTED_INCLUDE_IN_FRAMEWORK_HEADER = YES;
				CLANG_WARN_RANGE_LOOP_ANALYSIS = YES;
				CLANG_WARN_STRICT_PROTOTYPES = YES;
				CLANG_WARN_SUSPICIOUS_MOVE = YES;
				CLANG_WARN_UNGUARDED_AVAILABILITY = YES_AGGRESSIVE;
				CLANG_WARN_UNREACHABLE_CODE = YES;
				CLANG_WARN__DUPLICATE_METHOD_MATCH = YES;
				COPY_PHASE_STRIP = NO;
				DEBUG_INFORMATION_FORMAT = "dwarf-with-dsym";
				ENABLE_NS_ASSERTIONS = NO;
				ENABLE_STRICT_OBJC_MSGSEND = YES;
				GCC_C_LANGUAGE_STANDARD = gnu11;
				GCC_NO_COMMON_BLOCKS = YES;
				GCC_WARN_64_TO_32_BIT_CONVERSION = YES;
				GCC_WARN_ABOUT_RETURN_TYPE = YES_ERROR;
				GCC_WARN_UNDECLARED_SELECTOR = YES;
				GCC_WARN_UNINITIALIZED_AUTOS = YES_AGGRESSIVE;
				GCC_WARN_UNUSED_FUNCTION = YES;
				GCC_WARN_UNUSED_VARIABLE = YES;
				IPHONEOS_DEPLOYMENT_TARGET = 16.1;
				MTL_ENABLE_DEBUG_INFO = NO;
				MTL_FAST_MATH = YES;
				SDKROOT = iphoneos;
				SWIFT_COMPILATION_MODE = wholemodule;
				SWIFT_OPTIMIZATION_LEVEL = "-O";
				VALIDATE_PRODUCT = YES;
			};
			name = Release;
		};
		D59440C42A308958000DAE0A /* Debug */ = {
			isa = XCBuildConfiguration;
			buildSettings = {
				ASSETCATALOG_COMPILER_APPICON_NAME = AppIcon;
				ASSETCATALOG_COMPILER_GLOBAL_ACCENT_COLOR_NAME = AccentColor;
				CODE_SIGN_STYLE = Automatic;
				CURRENT_PROJECT_VERSION = 1;
				GENERATE_INFOPLIST_FILE = YES;
				INFOPLIST_FILE = MobileiOSDevTestWork/Info.plist;
				INFOPLIST_KEY_UIApplicationSupportsIndirectInputEvents = YES;
				INFOPLIST_KEY_UILaunchStoryboardName = LaunchScreen;
				INFOPLIST_KEY_UIMainStoryboardFile = Main;
				INFOPLIST_KEY_UISupportedInterfaceOrientations_iPad = "UIInterfaceOrientationPortrait UIInterfaceOrientationPortraitUpsideDown UIInterfaceOrientationLandscapeLeft UIInterfaceOrientationLandscapeRight";
				INFOPLIST_KEY_UISupportedInterfaceOrientations_iPhone = "UIInterfaceOrientationPortrait UIInterfaceOrientationLandscapeLeft UIInterfaceOrientationLandscapeRight";
				IPHONEOS_DEPLOYMENT_TARGET = 15.0;
				LD_RUNPATH_SEARCH_PATHS = (
					"$(inherited)",
					"@executable_path/Frameworks",
				);
				MARKETING_VERSION = 1.0;
				PRODUCT_BUNDLE_IDENTIFIER = "Nikolay-Skorobogat-ko.MobileiOSDevTestWork";
				PRODUCT_NAME = "$(TARGET_NAME)";
				SWIFT_EMIT_LOC_STRINGS = YES;
				SWIFT_VERSION = 5.0;
				TARGETED_DEVICE_FAMILY = "1,2";
			};
			name = Debug;
		};
		D59440C52A308958000DAE0A /* Release */ = {
			isa = XCBuildConfiguration;
			buildSettings = {
				ASSETCATALOG_COMPILER_APPICON_NAME = AppIcon;
				ASSETCATALOG_COMPILER_GLOBAL_ACCENT_COLOR_NAME = AccentColor;
				CODE_SIGN_STYLE = Automatic;
				CURRENT_PROJECT_VERSION = 1;
				GENERATE_INFOPLIST_FILE = YES;
				INFOPLIST_FILE = MobileiOSDevTestWork/Info.plist;
				INFOPLIST_KEY_UIApplicationSupportsIndirectInputEvents = YES;
				INFOPLIST_KEY_UILaunchStoryboardName = LaunchScreen;
				INFOPLIST_KEY_UIMainStoryboardFile = Main;
				INFOPLIST_KEY_UISupportedInterfaceOrientations_iPad = "UIInterfaceOrientationPortrait UIInterfaceOrientationPortraitUpsideDown UIInterfaceOrientationLandscapeLeft UIInterfaceOrientationLandscapeRight";
				INFOPLIST_KEY_UISupportedInterfaceOrientations_iPhone = "UIInterfaceOrientationPortrait UIInterfaceOrientationLandscapeLeft UIInterfaceOrientationLandscapeRight";
				IPHONEOS_DEPLOYMENT_TARGET = 15.0;
				LD_RUNPATH_SEARCH_PATHS = (
					"$(inherited)",
					"@executable_path/Frameworks",
				);
				MARKETING_VERSION = 1.0;
				PRODUCT_BUNDLE_IDENTIFIER = "Nikolay-Skorobogat-ko.MobileiOSDevTestWork";
				PRODUCT_NAME = "$(TARGET_NAME)";
				SWIFT_EMIT_LOC_STRINGS = YES;
				SWIFT_VERSION = 5.0;
				TARGETED_DEVICE_FAMILY = "1,2";
			};
			name = Release;
		};
/* End XCBuildConfiguration section */

/* Begin XCConfigurationList section */
		D59440AA2A308955000DAE0A /* Build configuration list for PBXProject "MobileiOSDevTestWork" */ = {
			isa = XCConfigurationList;
			buildConfigurations = (
				D59440C12A308958000DAE0A /* Debug */,
				D59440C22A308958000DAE0A /* Release */,
			);
			defaultConfigurationIsVisible = 0;
			defaultConfigurationName = Release;
		};
		D59440C32A308958000DAE0A /* Build configuration list for PBXNativeTarget "MobileiOSDevTestWork" */ = {
			isa = XCConfigurationList;
			buildConfigurations = (
				D59440C42A308958000DAE0A /* Debug */,
				D59440C52A308958000DAE0A /* Release */,
			);
			defaultConfigurationIsVisible = 0;
			defaultConfigurationName = Release;
		};
/* End XCConfigurationList section */
	};
	rootObject = D59440A72A308955000DAE0A /* Project object */;
}
